<?xml version="1.0" encoding="utf-8"?>
<Project ToolsVersion="4.0" xmlns="http://schemas.microsoft.com/developer/msbuild/2003">
  <ItemGroup>
    <Filter Include="Form Files">
      <UniqueIdentifier>{99349809-55BA-4b9d-BF79-8FDBB0286EB3}</UniqueIdentifier>
      <Extensions>ui</Extensions>
      <ParseFiles>false</ParseFiles>
    </Filter>
    <Filter Include="Form Files">
      <UniqueIdentifier>{99349809-55BA-4b9d-BF79-8FDBB0286EB3}</UniqueIdentifier>
      <Extensions>ui</Extensions>
      <ParseFiles>false</ParseFiles>
    </Filter>
    <Filter Include="Generated Files">
      <UniqueIdentifier>{71ED8ED8-ACB9-4CE9-BBE1-E00B30144E11}</UniqueIdentifier>
      <Extensions>cpp;c;cxx;moc;h;def;odl;idl;res;</Extensions>
    </Filter>
    <Filter Include="Header Files">
      <UniqueIdentifier>{93995380-89BD-4b04-88EB-625FBE52EBFB}</UniqueIdentifier>
      <Extensions>h;hpp;hxx;hm;inl;inc;xsd</Extensions>
    </Filter>
    <Filter Include="Header Files">
      <UniqueIdentifier>{93995380-89BD-4b04-88EB-625FBE52EBFB}</UniqueIdentifier>
      <Extensions>h;hpp;hxx;hm;inl;inc;xsd</Extensions>
    </Filter>
    <Filter Include="Source Files">
      <UniqueIdentifier>{4FC737F1-C7A5-4376-A066-2A32D752A2FF}</UniqueIdentifier>
      <Extensions>cpp;c;cxx;def;odl;idl;hpj;bat;asm;asmx</Extensions>
    </Filter>
    <Filter Include="Source Files">
      <UniqueIdentifier>{4FC737F1-C7A5-4376-A066-2A32D752A2FF}</UniqueIdentifier>
      <Extensions>cpp;c;cxx;def;odl;idl;hpj;bat;asm;asmx</Extensions>
    </Filter>
    <Filter Include="Source Files\kcf">
      <UniqueIdentifier>{81eccbe1-1a38-4eee-b14f-567c0ce1d353}</UniqueIdentifier>
    </Filter>
    <Filter Include="Generated Files">
      <UniqueIdentifier>{71ED8ED8-ACB9-4CE9-BBE1-E00B30144E11}</UniqueIdentifier>
      <Extensions>moc;h;cpp</Extensions>
      <ParseFiles>true</ParseFiles>
    </Filter>
    <Filter Include="Form Files\Debug">
      <UniqueIdentifier>{c4b07960-5175-4326-811a-1278a31b9985}</UniqueIdentifier>
    </Filter>
    <Filter Include="Form Files\Release">
      <UniqueIdentifier>{e94e901e-0a3a-45ef-84b0-c138c8e2a63b}</UniqueIdentifier>
    </Filter>
  </ItemGroup>
  <ItemGroup>
    <ClCompile Include="cameracontrol.cpp">
      <Filter>Source Files</Filter>
    </ClCompile>
    <ClCompile Include="cameralogindialog.cpp">
      <Filter>Source Files</Filter>
    </ClCompile>
    <ClCompile Include="logindialog.cpp">
      <Filter>Source Files</Filter>
    </ClCompile>
    <ClCompile Include="main.cpp">
      <Filter>Source Files</Filter>
    </ClCompile>
    <ClCompile Include="mylabel.cpp">
      <Filter>Source Files</Filter>
    </ClCompile>
    <ClCompile Include="robotclient.cpp">
      <Filter>Source Files</Filter>
    </ClCompile>
    <ClCompile Include="robotcontroldialog.cpp">
      <Filter>Source Files</Filter>
    </ClCompile>
    <ClCompile Include="src\fhog.cpp">
      <Filter>Source Files\kcf</Filter>
    </ClCompile>
    <ClCompile Include="src\kcftracker.cpp">
      <Filter>Source Files\kcf</Filter>
    </ClCompile>
    <ClCompile Include="myplotlabel.cpp">
      <Filter>Source Files</Filter>
    </ClCompile>
    <ClCompile Include="mymaplabel.cpp">
      <Filter>Source Files</Filter>
    </ClCompile>
    <ClCompile Include="debug\moc_cameralogindialog.cpp">
      <Filter>Form Files\Debug</Filter>
    </ClCompile>
    <ClCompile Include="debug\moc_logindialog.cpp">
      <Filter>Form Files\Debug</Filter>
    </ClCompile>
    <ClCompile Include="debug\moc_mylabel.cpp">
      <Filter>Form Files\Debug</Filter>
    </ClCompile>
    <ClCompile Include="debug\moc_mymaplabel.cpp">
      <Filter>Form Files\Debug</Filter>
    </ClCompile>
    <ClCompile Include="debug\moc_myplotlabel.cpp">
      <Filter>Form Files\Debug</Filter>
    </ClCompile>
    <ClCompile Include="debug\moc_robotcontroldialog.cpp">
      <Filter>Form Files\Debug</Filter>
    </ClCompile>
  </ItemGroup>
  <ItemGroup>
    <ClInclude Include="cameracontrol.h">
      <Filter>Header Files</Filter>
    </ClInclude>
    <CustomBuild Include="cameralogindialog.h">
      <Filter>Header Files</Filter>
    </CustomBuild>
    <CustomBuild Include="logindialog.h">
      <Filter>Header Files</Filter>
    </CustomBuild>
    <CustomBuild Include="mylabel.h">
      <Filter>Header Files</Filter>
    </CustomBuild>
    <ClInclude Include="robotclient.h">
      <Filter>Header Files</Filter>
    </ClInclude>
    <CustomBuild Include="robotcontroldialog.h">
      <Filter>Header Files</Filter>
    </CustomBuild>
    <ClInclude Include="GeneratedFiles\ui_cameralogindialog.h">
      <Filter>Generated Files</Filter>
    </ClInclude>
    <ClInclude Include="GeneratedFiles\ui_logindialog.h">
      <Filter>Generated Files</Filter>
    </ClInclude>
    <ClInclude Include="GeneratedFiles\ui_robotcontroldialog.h">
      <Filter>Generated Files</Filter>
    </ClInclude>
  </ItemGroup>
  <ItemGroup>
    <CustomBuild Include="cameralogindialog.ui">
      <Filter>Form Files</Filter>
    </CustomBuild>
    <CustomBuild Include="logindialog.ui">
      <Filter>Form Files</Filter>
    </CustomBuild>
    <CustomBuild Include="robotcontroldialog.ui">
      <Filter>Form Files</Filter>
    </CustomBuild>
    <CustomBuild Include="myplotlabel.h">
      <Filter>Header Files</Filter>
    </CustomBuild>
    <CustomBuild Include="mymaplabel.h">
      <Filter>Header Files</Filter>
    </CustomBuild>
  </ItemGroup>
  <ItemGroup>
    <None Include="ClassDiagram.cd" />
  </ItemGroup>
</Project>